
Microsoft Visual Studio Solution File, Format Version 12.00
# Visual Studio 15
VisualStudioVersion = 15.0.27130.2024
MinimumVisualStudioVersion = 10.0.40219.1
Project("{2150E333-8FDC-42A3-9474-1A3956D46DE8}") = "src", "src", "{05BF0D4E-C824-4EC8-8330-36C1FC49910E}"
EndProject
Project("{2150E333-8FDC-42A3-9474-1A3956D46DE8}") = "solution items", "solution items", "{E38F0F6E-6E10-491D-8786-650F6A4B6698}"
	ProjectSection(SolutionItems) = preProject
		appveyor.yml = appveyor.yml
		azure-pipelines.yml = azure-pipelines.yml
		dev.cmd = dev.cmd
		tools\Dll.Repack.cmd = tools\Dll.Repack.cmd
		LICENSE = LICENSE
		NuGet.config = NuGet.config
		README.md = README.md
		skyapm.json = skyapm.json
		trace.json = trace.json
	EndProjectSection
EndProject
Project("{2150E333-8FDC-42A3-9474-1A3956D46DE8}") = "Core", "Core", "{CBFF7EE0-69D7-4D6A-9BBD-8E567FF4D810}"
EndProject
Project("{2150E333-8FDC-42A3-9474-1A3956D46DE8}") = "build", "build", "{F0B43114-3BA9-4098-952D-0FB2241691A9}"
	ProjectSection(SolutionItems) = preProject
		build\common.props = build\common.props
		build\index.cake = build\index.cake
		build\util.cake = build\util.cake
		build\version.cake = build\version.cake
		build\version.props = build\version.props
	EndProjectSection
EndProject
Project("{9A19103F-16F7-4668-BE54-9A1E7A4F7556}") = "SkyApm.Abstractions", "src\SkyApm.Abstractions\SkyApm.Abstractions.csproj", "{C3860B5F-21D0-429F-8A00-B0C0F4573DF7}"
EndProject
Project("{9A19103F-16F7-4668-BE54-9A1E7A4F7556}") = "SkyApm.Transport.Grpc", "src\SkyApm.Transport.Grpc\SkyApm.Transport.Grpc.csproj", "{FF2FC3FB-D112-45C1-AF34-1FE37D55F682}"
EndProject
Project("{9A19103F-16F7-4668-BE54-9A1E7A4F7556}") = "SkyApm.Transport.Grpc.Protocol", "src\SkyApm.Transport.Grpc.Protocol\SkyApm.Transport.Grpc.Protocol.csproj", "{BAF5C1ED-09C4-4B32-8190-47D16265F01E}"
EndProject
Project("{9A19103F-16F7-4668-BE54-9A1E7A4F7556}") = "SkyApm.Core", "src\SkyApm.Core\SkyApm.Core.csproj", "{60D34708-45A2-4374-9500-5B3FF80C0AA9}"
EndProject
Project("{8BC9CEB8-8B4A-11D0-8D11-00A0C91BC942}") = "SkyApm.ClrProfiler", "src\SkyApm.ClrProfiler\SkyApm.ClrProfiler.vcxproj", "{91B6272F-5780-4C94-8071-DBBA7B4F67F3}"
EndProject
Project("{9A19103F-16F7-4668-BE54-9A1E7A4F7556}") = "SkyApm.ClrProfiler.Trace", "src\SkyApm.ClrProfiler.Trace\SkyApm.ClrProfiler.Trace.csproj", "{B47CCBD5-BDC9-4841-811A-BFD5DA397D1C}"
EndProject
Project("{2150E333-8FDC-42A3-9474-1A3956D46DE8}") = "Extensions", "Extensions", "{E3C0BF89-F22F-4777-9F5B-723D9C9AC6ED}"
EndProject
Project("{9A19103F-16F7-4668-BE54-9A1E7A4F7556}") = "SkyApm.ClrProfiler.Trace.AspNetCore", "src\SkyApm.ClrProfiler.Trace.AspNetCore\SkyApm.ClrProfiler.Trace.AspNetCore.csproj", "{44F4821A-2F5E-4197-9926-3961A3F02C96}"
EndProject
Project("{2150E333-8FDC-42A3-9474-1A3956D46DE8}") = "sample", "sample", "{7AB76CCB-A107-4CE8-B112-D11DD55711E3}"
EndProject
Project("{9A19103F-16F7-4668-BE54-9A1E7A4F7556}") = "SkyApm.Sample.AspNetCore", "sample\SkyApm.Sample.AspNetCore\SkyApm.Sample.AspNetCore.csproj", "{F131554F-4934-476F-823A-C53663AD9302}"
EndProject
Project("{9A19103F-16F7-4668-BE54-9A1E7A4F7556}") = "SkyApm.ClrProfiler.Trace.AspNet", "src\SkyApm.ClrProfiler.Trace.AspNet\SkyApm.ClrProfiler.Trace.AspNet.csproj", "{846070B7-5F0B-4F0E-BC2D-8B31A6C69E2C}"
EndProject
Project("{FAE04EC0-301F-11D3-BF4B-00C04F79EFBC}") = "SkyApm.Sample.AspNet", "sample\SkyApm.Sample.AspNet\SkyApm.Sample.AspNet.csproj", "{A469C654-871D-4BF7-B6F1-76FFA7472EE6}"
EndProject
Project("{2150E333-8FDC-42A3-9474-1A3956D46DE8}") = "deploy", "deploy", "{753F26C0-52E7-46C9-AEE2-D6D33B9C179B}"
EndProject
Project("{930C7802-8A8C-48F9-8165-68863BCCD9DD}") = "SkyApm.DotNet.Installer", "deploy\SkyApm.DotNet.Installer\SkyApm.DotNet.Installer.wixproj", "{28C02F97-72D4-4442-8D2B-FD0B6AE5A803}"
EndProject
Project("{9A19103F-16F7-4668-BE54-9A1E7A4F7556}") = "SkyApm.ClrProfiler.Trace.HttpClient", "src\SkyApm.ClrProfiler.Trace.HttpClient\SkyApm.ClrProfiler.Trace.HttpClient.csproj", "{F19D4811-74EE-411E-A746-2BA1B93CC170}"
EndProject
Project("{9A19103F-16F7-4668-BE54-9A1E7A4F7556}") = "SkyApm.ClrProfiler.Trace.HttpWebRequest", "src\SkyApm.ClrProfiler.Trace.HttpWebRequest\SkyApm.ClrProfiler.Trace.HttpWebRequest.csproj", "{EDC8F4BF-FCBC-4CDF-A188-8094AC5BC590}"
EndProject
Project("{9A19103F-16F7-4668-BE54-9A1E7A4F7556}") = "SkyApm.ClrProfiler.Trace.MySqlConnector", "src\SkyApm.ClrProfiler.Trace.MySqlConnector\SkyApm.ClrProfiler.Trace.MySqlConnector.csproj", "{969FA371-5E88-43E4-B185-09E556C4C13F}"
EndProject
Project("{9A19103F-16F7-4668-BE54-9A1E7A4F7556}") = "SkyApm.ClrProfiler.Trace.MySqlData", "src\SkyApm.ClrProfiler.Trace.MySqlData\SkyApm.ClrProfiler.Trace.MySqlData.csproj", "{612A851A-9636-4ED3-B3F2-B508926DEF1E}"
EndProject
Project("{9A19103F-16F7-4668-BE54-9A1E7A4F7556}") = "SkyApm.ClrProfiler.Trace.SystemDataSqlClient", "src\SkyApm.ClrProfiler.Trace.SystemDataSqlClient\SkyApm.ClrProfiler.Trace.SystemDataSqlClient.csproj", "{509FC180-9398-4607-A714-E5AE0C64B580}"
EndProject
Project("{9A19103F-16F7-4668-BE54-9A1E7A4F7556}") = "SkyApm.ClrProfiler.Trace.StackExchangeRedis", "src\SkyApm.ClrProfiler.Trace.StackExchangeRedis\SkyApm.ClrProfiler.Trace.StackExchangeRedis.csproj", "{7D1D1501-3CC6-4F91-96EF-2EC84605EE8F}"
EndProject
Project("{9A19103F-16F7-4668-BE54-9A1E7A4F7556}") = "SkyApm.Sample.Backend", "sample\SkyApm.Sample.Backend\SkyApm.Sample.Backend.csproj", "{41FE9F78-D4AC-4879-B6C8-B10339CD0FA3}"
EndProject
Project("{9A19103F-16F7-4668-BE54-9A1E7A4F7556}") = "SkyApm.Sample.Frontend", "sample\SkyApm.Sample.Frontend\SkyApm.Sample.Frontend.csproj", "{A7FA3CBC-BBE7-4C2B-8852-EF04187DD2AC}"
EndProject
Project("{2150E333-8FDC-42A3-9474-1A3956D46DE8}") = "docs", "docs", "{EA7517B8-3B53-4B59-A0B8-B036A795046B}"
	ProjectSection(SolutionItems) = preProject
		docs\develop.md = docs\develop.md
		docs\roadmap.md = docs\roadmap.md
		docs\skyapm_config.md = docs\skyapm_config.md
		docs\skyapm_config_cn.md = docs\skyapm_config_cn.md
		docs\Supported-list.md = docs\Supported-list.md
	EndProjectSection
EndProject
Project("{2150E333-8FDC-42A3-9474-1A3956D46DE8}") = "test", "test", "{D5581446-D951-4075-995A-90D52B0A7CAC}"
EndProject
Project("{9A19103F-16F7-4668-BE54-9A1E7A4F7556}") = "SkyApm.ClrProfiler.Trace.Test", "test\SkyApm.ClrProfiler.Trace.Test\SkyApm.ClrProfiler.Trace.Test.csproj", "{D6484184-4510-4B1F-B889-72C04A891E01}"
EndProject
Project("{FAE04EC0-301F-11D3-BF4B-00C04F79EFBC}") = "SkyApm.ClrProfiler.Trace.TestWrapper", "test\SkyApm.ClrProfiler.Trace.TestWrapper\SkyApm.ClrProfiler.Trace.TestWrapper.csproj", "{D20A13FC-5CDD-4726-91A7-47F1738678E7}"
EndProject
Global
	GlobalSection(SolutionConfigurationPlatforms) = preSolution
		Debug|Any CPU = Debug|Any CPU
		Debug|x64 = Debug|x64
		Debug|x86 = Debug|x86
		Release|Any CPU = Release|Any CPU
		Release|x64 = Release|x64
		Release|x86 = Release|x86
	EndGlobalSection
	GlobalSection(ProjectConfigurationPlatforms) = postSolution
		{C3860B5F-21D0-429F-8A00-B0C0F4573DF7}.Debug|Any CPU.ActiveCfg = Debug|Any CPU
		{C3860B5F-21D0-429F-8A00-B0C0F4573DF7}.Debug|Any CPU.Build.0 = Debug|Any CPU
		{C3860B5F-21D0-429F-8A00-B0C0F4573DF7}.Debug|x64.ActiveCfg = Debug|Any CPU
		{C3860B5F-21D0-429F-8A00-B0C0F4573DF7}.Debug|x64.Build.0 = Debug|Any CPU
		{C3860B5F-21D0-429F-8A00-B0C0F4573DF7}.Debug|x86.ActiveCfg = Debug|Any CPU
		{C3860B5F-21D0-429F-8A00-B0C0F4573DF7}.Debug|x86.Build.0 = Debug|Any CPU
		{C3860B5F-21D0-429F-8A00-B0C0F4573DF7}.Release|Any CPU.ActiveCfg = Release|Any CPU
		{C3860B5F-21D0-429F-8A00-B0C0F4573DF7}.Release|Any CPU.Build.0 = Release|Any CPU
		{C3860B5F-21D0-429F-8A00-B0C0F4573DF7}.Release|x64.ActiveCfg = Release|Any CPU
		{C3860B5F-21D0-429F-8A00-B0C0F4573DF7}.Release|x64.Build.0 = Release|Any CPU
		{C3860B5F-21D0-429F-8A00-B0C0F4573DF7}.Release|x86.ActiveCfg = Release|Any CPU
		{C3860B5F-21D0-429F-8A00-B0C0F4573DF7}.Release|x86.Build.0 = Release|Any CPU
		{FF2FC3FB-D112-45C1-AF34-1FE37D55F682}.Debug|Any CPU.ActiveCfg = Debug|Any CPU
		{FF2FC3FB-D112-45C1-AF34-1FE37D55F682}.Debug|Any CPU.Build.0 = Debug|Any CPU
		{FF2FC3FB-D112-45C1-AF34-1FE37D55F682}.Debug|x64.ActiveCfg = Debug|Any CPU
		{FF2FC3FB-D112-45C1-AF34-1FE37D55F682}.Debug|x64.Build.0 = Debug|Any CPU
		{FF2FC3FB-D112-45C1-AF34-1FE37D55F682}.Debug|x86.ActiveCfg = Debug|Any CPU
		{FF2FC3FB-D112-45C1-AF34-1FE37D55F682}.Debug|x86.Build.0 = Debug|Any CPU
		{FF2FC3FB-D112-45C1-AF34-1FE37D55F682}.Release|Any CPU.ActiveCfg = Release|Any CPU
		{FF2FC3FB-D112-45C1-AF34-1FE37D55F682}.Release|Any CPU.Build.0 = Release|Any CPU
		{FF2FC3FB-D112-45C1-AF34-1FE37D55F682}.Release|x64.ActiveCfg = Release|Any CPU
		{FF2FC3FB-D112-45C1-AF34-1FE37D55F682}.Release|x64.Build.0 = Release|Any CPU
		{FF2FC3FB-D112-45C1-AF34-1FE37D55F682}.Release|x86.ActiveCfg = Release|Any CPU
		{FF2FC3FB-D112-45C1-AF34-1FE37D55F682}.Release|x86.Build.0 = Release|Any CPU
		{BAF5C1ED-09C4-4B32-8190-47D16265F01E}.Debug|Any CPU.ActiveCfg = Debug|Any CPU
		{BAF5C1ED-09C4-4B32-8190-47D16265F01E}.Debug|Any CPU.Build.0 = Debug|Any CPU
		{BAF5C1ED-09C4-4B32-8190-47D16265F01E}.Debug|x64.ActiveCfg = Debug|Any CPU
		{BAF5C1ED-09C4-4B32-8190-47D16265F01E}.Debug|x64.Build.0 = Debug|Any CPU
		{BAF5C1ED-09C4-4B32-8190-47D16265F01E}.Debug|x86.ActiveCfg = Debug|Any CPU
		{BAF5C1ED-09C4-4B32-8190-47D16265F01E}.Debug|x86.Build.0 = Debug|Any CPU
		{BAF5C1ED-09C4-4B32-8190-47D16265F01E}.Release|Any CPU.ActiveCfg = Release|Any CPU
		{BAF5C1ED-09C4-4B32-8190-47D16265F01E}.Release|Any CPU.Build.0 = Release|Any CPU
		{BAF5C1ED-09C4-4B32-8190-47D16265F01E}.Release|x64.ActiveCfg = Release|Any CPU
		{BAF5C1ED-09C4-4B32-8190-47D16265F01E}.Release|x64.Build.0 = Release|Any CPU
		{BAF5C1ED-09C4-4B32-8190-47D16265F01E}.Release|x86.ActiveCfg = Release|Any CPU
		{BAF5C1ED-09C4-4B32-8190-47D16265F01E}.Release|x86.Build.0 = Release|Any CPU
		{60D34708-45A2-4374-9500-5B3FF80C0AA9}.Debug|Any CPU.ActiveCfg = Debug|Any CPU
		{60D34708-45A2-4374-9500-5B3FF80C0AA9}.Debug|Any CPU.Build.0 = Debug|Any CPU
		{60D34708-45A2-4374-9500-5B3FF80C0AA9}.Debug|x64.ActiveCfg = Debug|Any CPU
		{60D34708-45A2-4374-9500-5B3FF80C0AA9}.Debug|x64.Build.0 = Debug|Any CPU
		{60D34708-45A2-4374-9500-5B3FF80C0AA9}.Debug|x86.ActiveCfg = Debug|Any CPU
		{60D34708-45A2-4374-9500-5B3FF80C0AA9}.Debug|x86.Build.0 = Debug|Any CPU
		{60D34708-45A2-4374-9500-5B3FF80C0AA9}.Release|Any CPU.ActiveCfg = Release|Any CPU
		{60D34708-45A2-4374-9500-5B3FF80C0AA9}.Release|Any CPU.Build.0 = Release|Any CPU
		{60D34708-45A2-4374-9500-5B3FF80C0AA9}.Release|x64.ActiveCfg = Release|Any CPU
		{60D34708-45A2-4374-9500-5B3FF80C0AA9}.Release|x64.Build.0 = Release|Any CPU
		{60D34708-45A2-4374-9500-5B3FF80C0AA9}.Release|x86.ActiveCfg = Release|Any CPU
		{60D34708-45A2-4374-9500-5B3FF80C0AA9}.Release|x86.Build.0 = Release|Any CPU
		{91B6272F-5780-4C94-8071-DBBA7B4F67F3}.Debug|Any CPU.ActiveCfg = Debug|x64
		{91B6272F-5780-4C94-8071-DBBA7B4F67F3}.Debug|x64.ActiveCfg = Debug|x64
		{91B6272F-5780-4C94-8071-DBBA7B4F67F3}.Debug|x64.Build.0 = Debug|x64
		{91B6272F-5780-4C94-8071-DBBA7B4F67F3}.Debug|x86.ActiveCfg = Debug|x64
		{91B6272F-5780-4C94-8071-DBBA7B4F67F3}.Release|Any CPU.ActiveCfg = Release|x64
		{91B6272F-5780-4C94-8071-DBBA7B4F67F3}.Release|x64.ActiveCfg = Release|x64
		{91B6272F-5780-4C94-8071-DBBA7B4F67F3}.Release|x64.Build.0 = Release|x64
		{91B6272F-5780-4C94-8071-DBBA7B4F67F3}.Release|x86.ActiveCfg = Release|x64
		{B47CCBD5-BDC9-4841-811A-BFD5DA397D1C}.Debug|Any CPU.ActiveCfg = Debug|Any CPU
		{B47CCBD5-BDC9-4841-811A-BFD5DA397D1C}.Debug|Any CPU.Build.0 = Debug|Any CPU
		{B47CCBD5-BDC9-4841-811A-BFD5DA397D1C}.Debug|x64.ActiveCfg = Debug|Any CPU
		{B47CCBD5-BDC9-4841-811A-BFD5DA397D1C}.Debug|x64.Build.0 = Debug|Any CPU
		{B47CCBD5-BDC9-4841-811A-BFD5DA397D1C}.Debug|x86.ActiveCfg = Debug|Any CPU
		{B47CCBD5-BDC9-4841-811A-BFD5DA397D1C}.Debug|x86.Build.0 = Debug|Any CPU
		{B47CCBD5-BDC9-4841-811A-BFD5DA397D1C}.Release|Any CPU.ActiveCfg = Release|Any CPU
		{B47CCBD5-BDC9-4841-811A-BFD5DA397D1C}.Release|Any CPU.Build.0 = Release|Any CPU
		{B47CCBD5-BDC9-4841-811A-BFD5DA397D1C}.Release|x64.ActiveCfg = Release|Any CPU
		{B47CCBD5-BDC9-4841-811A-BFD5DA397D1C}.Release|x64.Build.0 = Release|Any CPU
		{B47CCBD5-BDC9-4841-811A-BFD5DA397D1C}.Release|x86.ActiveCfg = Release|Any CPU
		{B47CCBD5-BDC9-4841-811A-BFD5DA397D1C}.Release|x86.Build.0 = Release|Any CPU
		{44F4821A-2F5E-4197-9926-3961A3F02C96}.Debug|Any CPU.ActiveCfg = Debug|Any CPU
		{44F4821A-2F5E-4197-9926-3961A3F02C96}.Debug|Any CPU.Build.0 = Debug|Any CPU
		{44F4821A-2F5E-4197-9926-3961A3F02C96}.Debug|x64.ActiveCfg = Debug|Any CPU
		{44F4821A-2F5E-4197-9926-3961A3F02C96}.Debug|x64.Build.0 = Debug|Any CPU
		{44F4821A-2F5E-4197-9926-3961A3F02C96}.Debug|x86.ActiveCfg = Debug|Any CPU
		{44F4821A-2F5E-4197-9926-3961A3F02C96}.Debug|x86.Build.0 = Debug|Any CPU
		{44F4821A-2F5E-4197-9926-3961A3F02C96}.Release|Any CPU.ActiveCfg = Release|Any CPU
		{44F4821A-2F5E-4197-9926-3961A3F02C96}.Release|Any CPU.Build.0 = Release|Any CPU
		{44F4821A-2F5E-4197-9926-3961A3F02C96}.Release|x64.ActiveCfg = Release|Any CPU
		{44F4821A-2F5E-4197-9926-3961A3F02C96}.Release|x64.Build.0 = Release|Any CPU
		{44F4821A-2F5E-4197-9926-3961A3F02C96}.Release|x86.ActiveCfg = Release|Any CPU
		{44F4821A-2F5E-4197-9926-3961A3F02C96}.Release|x86.Build.0 = Release|Any CPU
		{F131554F-4934-476F-823A-C53663AD9302}.Debug|Any CPU.ActiveCfg = Debug|Any CPU
		{F131554F-4934-476F-823A-C53663AD9302}.Debug|Any CPU.Build.0 = Debug|Any CPU
		{F131554F-4934-476F-823A-C53663AD9302}.Debug|x64.ActiveCfg = Debug|Any CPU
		{F131554F-4934-476F-823A-C53663AD9302}.Debug|x64.Build.0 = Debug|Any CPU
		{F131554F-4934-476F-823A-C53663AD9302}.Debug|x86.ActiveCfg = Debug|Any CPU
		{F131554F-4934-476F-823A-C53663AD9302}.Debug|x86.Build.0 = Debug|Any CPU
		{F131554F-4934-476F-823A-C53663AD9302}.Release|Any CPU.ActiveCfg = Release|Any CPU
		{F131554F-4934-476F-823A-C53663AD9302}.Release|Any CPU.Build.0 = Release|Any CPU
		{F131554F-4934-476F-823A-C53663AD9302}.Release|x64.ActiveCfg = Release|Any CPU
		{F131554F-4934-476F-823A-C53663AD9302}.Release|x64.Build.0 = Release|Any CPU
		{F131554F-4934-476F-823A-C53663AD9302}.Release|x86.ActiveCfg = Release|Any CPU
		{F131554F-4934-476F-823A-C53663AD9302}.Release|x86.Build.0 = Release|Any CPU
		{846070B7-5F0B-4F0E-BC2D-8B31A6C69E2C}.Debug|Any CPU.ActiveCfg = Debug|Any CPU
		{846070B7-5F0B-4F0E-BC2D-8B31A6C69E2C}.Debug|Any CPU.Build.0 = Debug|Any CPU
		{846070B7-5F0B-4F0E-BC2D-8B31A6C69E2C}.Debug|x64.ActiveCfg = Debug|Any CPU
		{846070B7-5F0B-4F0E-BC2D-8B31A6C69E2C}.Debug|x64.Build.0 = Debug|Any CPU
		{846070B7-5F0B-4F0E-BC2D-8B31A6C69E2C}.Debug|x86.ActiveCfg = Debug|Any CPU
		{846070B7-5F0B-4F0E-BC2D-8B31A6C69E2C}.Debug|x86.Build.0 = Debug|Any CPU
		{846070B7-5F0B-4F0E-BC2D-8B31A6C69E2C}.Release|Any CPU.ActiveCfg = Release|Any CPU
		{846070B7-5F0B-4F0E-BC2D-8B31A6C69E2C}.Release|Any CPU.Build.0 = Release|Any CPU
		{846070B7-5F0B-4F0E-BC2D-8B31A6C69E2C}.Release|x64.ActiveCfg = Release|Any CPU
		{846070B7-5F0B-4F0E-BC2D-8B31A6C69E2C}.Release|x64.Build.0 = Release|Any CPU
		{846070B7-5F0B-4F0E-BC2D-8B31A6C69E2C}.Release|x86.ActiveCfg = Release|Any CPU
		{846070B7-5F0B-4F0E-BC2D-8B31A6C69E2C}.Release|x86.Build.0 = Release|Any CPU
		{A469C654-871D-4BF7-B6F1-76FFA7472EE6}.Debug|Any CPU.ActiveCfg = Debug|Any CPU
		{A469C654-871D-4BF7-B6F1-76FFA7472EE6}.Debug|Any CPU.Build.0 = Debug|Any CPU
		{A469C654-871D-4BF7-B6F1-76FFA7472EE6}.Debug|x64.ActiveCfg = Debug|Any CPU
		{A469C654-871D-4BF7-B6F1-76FFA7472EE6}.Debug|x64.Build.0 = Debug|Any CPU
		{A469C654-871D-4BF7-B6F1-76FFA7472EE6}.Debug|x86.ActiveCfg = Debug|Any CPU
		{A469C654-871D-4BF7-B6F1-76FFA7472EE6}.Debug|x86.Build.0 = Debug|Any CPU
		{A469C654-871D-4BF7-B6F1-76FFA7472EE6}.Release|Any CPU.ActiveCfg = Release|Any CPU
		{A469C654-871D-4BF7-B6F1-76FFA7472EE6}.Release|Any CPU.Build.0 = Release|Any CPU
		{A469C654-871D-4BF7-B6F1-76FFA7472EE6}.Release|x64.ActiveCfg = Release|Any CPU
		{A469C654-871D-4BF7-B6F1-76FFA7472EE6}.Release|x64.Build.0 = Release|Any CPU
		{A469C654-871D-4BF7-B6F1-76FFA7472EE6}.Release|x86.ActiveCfg = Release|Any CPU
		{A469C654-871D-4BF7-B6F1-76FFA7472EE6}.Release|x86.Build.0 = Release|Any CPU
		{28C02F97-72D4-4442-8D2B-FD0B6AE5A803}.Debug|Any CPU.ActiveCfg = Debug|x64
		{28C02F97-72D4-4442-8D2B-FD0B6AE5A803}.Debug|x64.ActiveCfg = Debug|x64
		{28C02F97-72D4-4442-8D2B-FD0B6AE5A803}.Debug|x64.Build.0 = Debug|x64
		{28C02F97-72D4-4442-8D2B-FD0B6AE5A803}.Debug|x86.ActiveCfg = Debug|x64
		{28C02F97-72D4-4442-8D2B-FD0B6AE5A803}.Release|Any CPU.ActiveCfg = Release|x64
		{28C02F97-72D4-4442-8D2B-FD0B6AE5A803}.Release|x64.ActiveCfg = Release|x64
		{28C02F97-72D4-4442-8D2B-FD0B6AE5A803}.Release|x64.Build.0 = Release|x64
		{28C02F97-72D4-4442-8D2B-FD0B6AE5A803}.Release|x86.ActiveCfg = Release|x64
		{F19D4811-74EE-411E-A746-2BA1B93CC170}.Debug|Any CPU.ActiveCfg = Debug|Any CPU
		{F19D4811-74EE-411E-A746-2BA1B93CC170}.Debug|Any CPU.Build.0 = Debug|Any CPU
		{F19D4811-74EE-411E-A746-2BA1B93CC170}.Debug|x64.ActiveCfg = Debug|Any CPU
		{F19D4811-74EE-411E-A746-2BA1B93CC170}.Debug|x64.Build.0 = Debug|Any CPU
		{F19D4811-74EE-411E-A746-2BA1B93CC170}.Debug|x86.ActiveCfg = Debug|Any CPU
		{F19D4811-74EE-411E-A746-2BA1B93CC170}.Debug|x86.Build.0 = Debug|Any CPU
		{F19D4811-74EE-411E-A746-2BA1B93CC170}.Release|Any CPU.ActiveCfg = Release|Any CPU
		{F19D4811-74EE-411E-A746-2BA1B93CC170}.Release|Any CPU.Build.0 = Release|Any CPU
		{F19D4811-74EE-411E-A746-2BA1B93CC170}.Release|x64.ActiveCfg = Release|Any CPU
		{F19D4811-74EE-411E-A746-2BA1B93CC170}.Release|x64.Build.0 = Release|Any CPU
		{F19D4811-74EE-411E-A746-2BA1B93CC170}.Release|x86.ActiveCfg = Release|Any CPU
		{F19D4811-74EE-411E-A746-2BA1B93CC170}.Release|x86.Build.0 = Release|Any CPU
		{EDC8F4BF-FCBC-4CDF-A188-8094AC5BC590}.Debug|Any CPU.ActiveCfg = Debug|Any CPU
		{EDC8F4BF-FCBC-4CDF-A188-8094AC5BC590}.Debug|Any CPU.Build.0 = Debug|Any CPU
		{EDC8F4BF-FCBC-4CDF-A188-8094AC5BC590}.Debug|x64.ActiveCfg = Debug|Any CPU
		{EDC8F4BF-FCBC-4CDF-A188-8094AC5BC590}.Debug|x64.Build.0 = Debug|Any CPU
		{EDC8F4BF-FCBC-4CDF-A188-8094AC5BC590}.Debug|x86.ActiveCfg = Debug|Any CPU
		{EDC8F4BF-FCBC-4CDF-A188-8094AC5BC590}.Debug|x86.Build.0 = Debug|Any CPU
		{EDC8F4BF-FCBC-4CDF-A188-8094AC5BC590}.Release|Any CPU.ActiveCfg = Release|Any CPU
		{EDC8F4BF-FCBC-4CDF-A188-8094AC5BC590}.Release|Any CPU.Build.0 = Release|Any CPU
		{EDC8F4BF-FCBC-4CDF-A188-8094AC5BC590}.Release|x64.ActiveCfg = Release|Any CPU
		{EDC8F4BF-FCBC-4CDF-A188-8094AC5BC590}.Release|x64.Build.0 = Release|Any CPU
		{EDC8F4BF-FCBC-4CDF-A188-8094AC5BC590}.Release|x86.ActiveCfg = Release|Any CPU
		{EDC8F4BF-FCBC-4CDF-A188-8094AC5BC590}.Release|x86.Build.0 = Release|Any CPU
		{969FA371-5E88-43E4-B185-09E556C4C13F}.Debug|Any CPU.ActiveCfg = Debug|Any CPU
		{969FA371-5E88-43E4-B185-09E556C4C13F}.Debug|Any CPU.Build.0 = Debug|Any CPU
		{969FA371-5E88-43E4-B185-09E556C4C13F}.Debug|x64.ActiveCfg = Debug|Any CPU
		{969FA371-5E88-43E4-B185-09E556C4C13F}.Debug|x64.Build.0 = Debug|Any CPU
		{969FA371-5E88-43E4-B185-09E556C4C13F}.Debug|x86.ActiveCfg = Debug|Any CPU
		{969FA371-5E88-43E4-B185-09E556C4C13F}.Debug|x86.Build.0 = Debug|Any CPU
		{969FA371-5E88-43E4-B185-09E556C4C13F}.Release|Any CPU.ActiveCfg = Release|Any CPU
		{969FA371-5E88-43E4-B185-09E556C4C13F}.Release|Any CPU.Build.0 = Release|Any CPU
		{969FA371-5E88-43E4-B185-09E556C4C13F}.Release|x64.ActiveCfg = Release|Any CPU
		{969FA371-5E88-43E4-B185-09E556C4C13F}.Release|x64.Build.0 = Release|Any CPU
		{969FA371-5E88-43E4-B185-09E556C4C13F}.Release|x86.ActiveCfg = Release|Any CPU
		{969FA371-5E88-43E4-B185-09E556C4C13F}.Release|x86.Build.0 = Release|Any CPU
		{612A851A-9636-4ED3-B3F2-B508926DEF1E}.Debug|Any CPU.ActiveCfg = Debug|Any CPU
		{612A851A-9636-4ED3-B3F2-B508926DEF1E}.Debug|Any CPU.Build.0 = Debug|Any CPU
		{612A851A-9636-4ED3-B3F2-B508926DEF1E}.Debug|x64.ActiveCfg = Debug|Any CPU
		{612A851A-9636-4ED3-B3F2-B508926DEF1E}.Debug|x64.Build.0 = Debug|Any CPU
		{612A851A-9636-4ED3-B3F2-B508926DEF1E}.Debug|x86.ActiveCfg = Debug|Any CPU
		{612A851A-9636-4ED3-B3F2-B508926DEF1E}.Debug|x86.Build.0 = Debug|Any CPU
		{612A851A-9636-4ED3-B3F2-B508926DEF1E}.Release|Any CPU.ActiveCfg = Release|Any CPU
		{612A851A-9636-4ED3-B3F2-B508926DEF1E}.Release|Any CPU.Build.0 = Release|Any CPU
		{612A851A-9636-4ED3-B3F2-B508926DEF1E}.Release|x64.ActiveCfg = Release|Any CPU
		{612A851A-9636-4ED3-B3F2-B508926DEF1E}.Release|x64.Build.0 = Release|Any CPU
		{612A851A-9636-4ED3-B3F2-B508926DEF1E}.Release|x86.ActiveCfg = Release|Any CPU
		{612A851A-9636-4ED3-B3F2-B508926DEF1E}.Release|x86.Build.0 = Release|Any CPU
		{509FC180-9398-4607-A714-E5AE0C64B580}.Debug|Any CPU.ActiveCfg = Debug|Any CPU
		{509FC180-9398-4607-A714-E5AE0C64B580}.Debug|Any CPU.Build.0 = Debug|Any CPU
		{509FC180-9398-4607-A714-E5AE0C64B580}.Debug|x64.ActiveCfg = Debug|Any CPU
		{509FC180-9398-4607-A714-E5AE0C64B580}.Debug|x64.Build.0 = Debug|Any CPU
		{509FC180-9398-4607-A714-E5AE0C64B580}.Debug|x86.ActiveCfg = Debug|Any CPU
		{509FC180-9398-4607-A714-E5AE0C64B580}.Debug|x86.Build.0 = Debug|Any CPU
		{509FC180-9398-4607-A714-E5AE0C64B580}.Release|Any CPU.ActiveCfg = Release|Any CPU
		{509FC180-9398-4607-A714-E5AE0C64B580}.Release|Any CPU.Build.0 = Release|Any CPU
		{509FC180-9398-4607-A714-E5AE0C64B580}.Release|x64.ActiveCfg = Release|Any CPU
		{509FC180-9398-4607-A714-E5AE0C64B580}.Release|x64.Build.0 = Release|Any CPU
		{509FC180-9398-4607-A714-E5AE0C64B580}.Release|x86.ActiveCfg = Release|Any CPU
		{509FC180-9398-4607-A714-E5AE0C64B580}.Release|x86.Build.0 = Release|Any CPU
		{7D1D1501-3CC6-4F91-96EF-2EC84605EE8F}.Debug|Any CPU.ActiveCfg = Debug|Any CPU
		{7D1D1501-3CC6-4F91-96EF-2EC84605EE8F}.Debug|Any CPU.Build.0 = Debug|Any CPU
		{7D1D1501-3CC6-4F91-96EF-2EC84605EE8F}.Debug|x64.ActiveCfg = Debug|Any CPU
		{7D1D1501-3CC6-4F91-96EF-2EC84605EE8F}.Debug|x64.Build.0 = Debug|Any CPU
		{7D1D1501-3CC6-4F91-96EF-2EC84605EE8F}.Debug|x86.ActiveCfg = Debug|Any CPU
		{7D1D1501-3CC6-4F91-96EF-2EC84605EE8F}.Debug|x86.Build.0 = Debug|Any CPU
		{7D1D1501-3CC6-4F91-96EF-2EC84605EE8F}.Release|Any CPU.ActiveCfg = Release|Any CPU
		{7D1D1501-3CC6-4F91-96EF-2EC84605EE8F}.Release|Any CPU.Build.0 = Release|Any CPU
		{7D1D1501-3CC6-4F91-96EF-2EC84605EE8F}.Release|x64.ActiveCfg = Release|Any CPU
		{7D1D1501-3CC6-4F91-96EF-2EC84605EE8F}.Release|x64.Build.0 = Release|Any CPU
		{7D1D1501-3CC6-4F91-96EF-2EC84605EE8F}.Release|x86.ActiveCfg = Release|Any CPU
		{7D1D1501-3CC6-4F91-96EF-2EC84605EE8F}.Release|x86.Build.0 = Release|Any CPU
		{41FE9F78-D4AC-4879-B6C8-B10339CD0FA3}.Debug|Any CPU.ActiveCfg = Debug|Any CPU
		{41FE9F78-D4AC-4879-B6C8-B10339CD0FA3}.Debug|Any CPU.Build.0 = Debug|Any CPU
		{41FE9F78-D4AC-4879-B6C8-B10339CD0FA3}.Debug|x64.ActiveCfg = Debug|Any CPU
		{41FE9F78-D4AC-4879-B6C8-B10339CD0FA3}.Debug|x64.Build.0 = Debug|Any CPU
		{41FE9F78-D4AC-4879-B6C8-B10339CD0FA3}.Debug|x86.ActiveCfg = Debug|Any CPU
		{41FE9F78-D4AC-4879-B6C8-B10339CD0FA3}.Debug|x86.Build.0 = Debug|Any CPU
		{41FE9F78-D4AC-4879-B6C8-B10339CD0FA3}.Release|Any CPU.ActiveCfg = Release|Any CPU
		{41FE9F78-D4AC-4879-B6C8-B10339CD0FA3}.Release|Any CPU.Build.0 = Release|Any CPU
		{41FE9F78-D4AC-4879-B6C8-B10339CD0FA3}.Release|x64.ActiveCfg = Release|Any CPU
		{41FE9F78-D4AC-4879-B6C8-B10339CD0FA3}.Release|x64.Build.0 = Release|Any CPU
		{41FE9F78-D4AC-4879-B6C8-B10339CD0FA3}.Release|x86.ActiveCfg = Release|Any CPU
		{41FE9F78-D4AC-4879-B6C8-B10339CD0FA3}.Release|x86.Build.0 = Release|Any CPU
		{A7FA3CBC-BBE7-4C2B-8852-EF04187DD2AC}.Debug|Any CPU.ActiveCfg = Debug|Any CPU
		{A7FA3CBC-BBE7-4C2B-8852-EF04187DD2AC}.Debug|Any CPU.Build.0 = Debug|Any CPU
		{A7FA3CBC-BBE7-4C2B-8852-EF04187DD2AC}.Debug|x64.ActiveCfg = Debug|Any CPU
		{A7FA3CBC-BBE7-4C2B-8852-EF04187DD2AC}.Debug|x64.Build.0 = Debug|Any CPU
		{A7FA3CBC-BBE7-4C2B-8852-EF04187DD2AC}.Debug|x86.ActiveCfg = Debug|Any CPU
		{A7FA3CBC-BBE7-4C2B-8852-EF04187DD2AC}.Debug|x86.Build.0 = Debug|Any CPU
		{A7FA3CBC-BBE7-4C2B-8852-EF04187DD2AC}.Release|Any CPU.ActiveCfg = Release|Any CPU
		{A7FA3CBC-BBE7-4C2B-8852-EF04187DD2AC}.Release|Any CPU.Build.0 = Release|Any CPU
		{A7FA3CBC-BBE7-4C2B-8852-EF04187DD2AC}.Release|x64.ActiveCfg = Release|Any CPU
		{A7FA3CBC-BBE7-4C2B-8852-EF04187DD2AC}.Release|x64.Build.0 = Release|Any CPU
		{A7FA3CBC-BBE7-4C2B-8852-EF04187DD2AC}.Release|x86.ActiveCfg = Release|Any CPU
		{A7FA3CBC-BBE7-4C2B-8852-EF04187DD2AC}.Release|x86.Build.0 = Release|Any CPU
		{D6484184-4510-4B1F-B889-72C04A891E01}.Debug|Any CPU.ActiveCfg = Debug|Any CPU
		{D6484184-4510-4B1F-B889-72C04A891E01}.Debug|Any CPU.Build.0 = Debug|Any CPU
		{D6484184-4510-4B1F-B889-72C04A891E01}.Debug|x64.ActiveCfg = Debug|Any CPU
		{D6484184-4510-4B1F-B889-72C04A891E01}.Debug|x64.Build.0 = Debug|Any CPU
		{D6484184-4510-4B1F-B889-72C04A891E01}.Debug|x86.ActiveCfg = Debug|Any CPU
		{D6484184-4510-4B1F-B889-72C04A891E01}.Debug|x86.Build.0 = Debug|Any CPU
		{D6484184-4510-4B1F-B889-72C04A891E01}.Release|Any CPU.ActiveCfg = Release|Any CPU
		{D6484184-4510-4B1F-B889-72C04A891E01}.Release|Any CPU.Build.0 = Release|Any CPU
		{D6484184-4510-4B1F-B889-72C04A891E01}.Release|x64.ActiveCfg = Release|Any CPU
		{D6484184-4510-4B1F-B889-72C04A891E01}.Release|x64.Build.0 = Release|Any CPU
		{D6484184-4510-4B1F-B889-72C04A891E01}.Release|x86.ActiveCfg = Release|Any CPU
		{D6484184-4510-4B1F-B889-72C04A891E01}.Release|x86.Build.0 = Release|Any CPU
		{D20A13FC-5CDD-4726-91A7-47F1738678E7}.Debug|Any CPU.ActiveCfg = Debug|Any CPU
		{D20A13FC-5CDD-4726-91A7-47F1738678E7}.Debug|Any CPU.Build.0 = Debug|Any CPU
		{D20A13FC-5CDD-4726-91A7-47F1738678E7}.Debug|x64.ActiveCfg = Debug|Any CPU
		{D20A13FC-5CDD-4726-91A7-47F1738678E7}.Debug|x64.Build.0 = Debug|Any CPU
		{D20A13FC-5CDD-4726-91A7-47F1738678E7}.Debug|x86.ActiveCfg = Debug|Any CPU
		{D20A13FC-5CDD-4726-91A7-47F1738678E7}.Debug|x86.Build.0 = Debug|Any CPU
		{D20A13FC-5CDD-4726-91A7-47F1738678E7}.Release|Any CPU.ActiveCfg = Release|Any CPU
		{D20A13FC-5CDD-4726-91A7-47F1738678E7}.Release|Any CPU.Build.0 = Release|Any CPU
		{D20A13FC-5CDD-4726-91A7-47F1738678E7}.Release|x64.ActiveCfg = Release|Any CPU
		{D20A13FC-5CDD-4726-91A7-47F1738678E7}.Release|x64.Build.0 = Release|Any CPU
		{D20A13FC-5CDD-4726-91A7-47F1738678E7}.Release|x86.ActiveCfg = Release|Any CPU
		{D20A13FC-5CDD-4726-91A7-47F1738678E7}.Release|x86.Build.0 = Release|Any CPU
	EndGlobalSection
	GlobalSection(SolutionProperties) = preSolution
		HideSolutionNode = FALSE
	EndGlobalSection
	GlobalSection(NestedProjects) = preSolution
		{CBFF7EE0-69D7-4D6A-9BBD-8E567FF4D810} = {05BF0D4E-C824-4EC8-8330-36C1FC49910E}
		{F0B43114-3BA9-4098-952D-0FB2241691A9} = {E38F0F6E-6E10-491D-8786-650F6A4B6698}
		{C3860B5F-21D0-429F-8A00-B0C0F4573DF7} = {CBFF7EE0-69D7-4D6A-9BBD-8E567FF4D810}
		{FF2FC3FB-D112-45C1-AF34-1FE37D55F682} = {CBFF7EE0-69D7-4D6A-9BBD-8E567FF4D810}
		{BAF5C1ED-09C4-4B32-8190-47D16265F01E} = {CBFF7EE0-69D7-4D6A-9BBD-8E567FF4D810}
		{60D34708-45A2-4374-9500-5B3FF80C0AA9} = {CBFF7EE0-69D7-4D6A-9BBD-8E567FF4D810}
		{91B6272F-5780-4C94-8071-DBBA7B4F67F3} = {CBFF7EE0-69D7-4D6A-9BBD-8E567FF4D810}
		{B47CCBD5-BDC9-4841-811A-BFD5DA397D1C} = {CBFF7EE0-69D7-4D6A-9BBD-8E567FF4D810}
		{E3C0BF89-F22F-4777-9F5B-723D9C9AC6ED} = {05BF0D4E-C824-4EC8-8330-36C1FC49910E}
		{44F4821A-2F5E-4197-9926-3961A3F02C96} = {E3C0BF89-F22F-4777-9F5B-723D9C9AC6ED}
		{F131554F-4934-476F-823A-C53663AD9302} = {7AB76CCB-A107-4CE8-B112-D11DD55711E3}
		{846070B7-5F0B-4F0E-BC2D-8B31A6C69E2C} = {E3C0BF89-F22F-4777-9F5B-723D9C9AC6ED}
		{A469C654-871D-4BF7-B6F1-76FFA7472EE6} = {7AB76CCB-A107-4CE8-B112-D11DD55711E3}
		{28C02F97-72D4-4442-8D2B-FD0B6AE5A803} = {753F26C0-52E7-46C9-AEE2-D6D33B9C179B}
		{F19D4811-74EE-411E-A746-2BA1B93CC170} = {E3C0BF89-F22F-4777-9F5B-723D9C9AC6ED}
		{EDC8F4BF-FCBC-4CDF-A188-8094AC5BC590} = {E3C0BF89-F22F-4777-9F5B-723D9C9AC6ED}
		{969FA371-5E88-43E4-B185-09E556C4C13F} = {E3C0BF89-F22F-4777-9F5B-723D9C9AC6ED}
		{612A851A-9636-4ED3-B3F2-B508926DEF1E} = {E3C0BF89-F22F-4777-9F5B-723D9C9AC6ED}
		{509FC180-9398-4607-A714-E5AE0C64B580} = {E3C0BF89-F22F-4777-9F5B-723D9C9AC6ED}
		{7D1D1501-3CC6-4F91-96EF-2EC84605EE8F} = {E3C0BF89-F22F-4777-9F5B-723D9C9AC6ED}
		{41FE9F78-D4AC-4879-B6C8-B10339CD0FA3} = {7AB76CCB-A107-4CE8-B112-D11DD55711E3}
		{A7FA3CBC-BBE7-4C2B-8852-EF04187DD2AC} = {7AB76CCB-A107-4CE8-B112-D11DD55711E3}
		{EA7517B8-3B53-4B59-A0B8-B036A795046B} = {E38F0F6E-6E10-491D-8786-650F6A4B6698}
		{D6484184-4510-4B1F-B889-72C04A891E01} = {D5581446-D951-4075-995A-90D52B0A7CAC}
		{D20A13FC-5CDD-4726-91A7-47F1738678E7} = {D5581446-D951-4075-995A-90D52B0A7CAC}
	EndGlobalSection
	GlobalSection(ExtensibilityGlobals) = postSolution
		SolutionGuid = {94C0DA2C-CCCB-4314-93A2-9809B5DD0583}
	EndGlobalSection
EndGlobal
